{
  "requires": true,
  "lockfileVersion": 1,
  "dependencies": {
    "d": {
      "version": "1.0.0",
      "resolved": "http://registry.npmjs.org/d/-/d-1.0.0.tgz",
      "integrity": "sha1-dUu1v+VUUdpppYuU1F9MWwRi1Y8=",
      "requires": {
        "es5-ext": "^0.10.9"
      }
    },
    "es5-ext": {
      "version": "0.10.46",
      "resolved": "https://registry.npmjs.org/es5-ext/-/es5-ext-0.10.46.tgz",
      "integrity": "sha512-24XxRvJXNFwEMpJb3nOkiRJKRoupmjYmOPVlI65Qy2SrtxwOTB+g6ODjBKOtwEHbYrhWRty9xxOWLNdClT2djw==",
      "requires": {
        "es6-iterator": "~2.0.3",
        "es6-symbol": "~3.1.1",
        "next-tick": "1"
      }
    },
    "es6-iterator": {
      "version": "2.0.3",
      "resolved": "https://registry.npmjs.org/es6-iterator/-/es6-iterator-2.0.3.tgz",
      "integrity": "sha1-p96IkUGgWpSwhUQDstCg+/qY87c=",
      "requires": {
        "d": "1",
        "es5-ext": "^0.10.35",
        "es6-symbol": "^3.1.1"
      }
    },
    "es6-set": {
      "version": "0.1.5",
      "resolved": "https://registry.npmjs.org/es6-set/-/es6-set-0.1.5.tgz",
      "integrity": "sha1-0rPsXU2ADO2BjbU40ol02wpzzLE=",
      "requires": {
        "d": "1",
        "es5-ext": "~0.10.14",
        "es6-iterator": "~2.0.1",
        "es6-symbol": "3.1.1",
        "event-emitter": "~0.3.5"
      }
    },
    "es6-symbol": {
      "version": "3.1.1",
      "resolved": "https://registry.npmjs.org/es6-symbol/-/es6-symbol-3.1.1.tgz",
      "integrity": "sha1-vwDvT9q2uhtG7Le2KbTH7VcVzHc=",
      "requires": {
        "d": "1",
        "es5-ext": "~0.10.14"
      }
    },
    "event-emitter": {
      "version": "0.3.5",
      "resolved": "https://registry.npmjs.org/event-emitter/-/event-emitter-0.3.5.tgz",
      "integrity": "sha1-34xp7vFkeSPHFXuc6DhAYQsCzDk=",
      "requires": {
        "d": "1",
        "es5-ext": "~0.10.14"
      }
    },
    "habitat": {
      "version": "3.1.2",
      "resolved": "https://registry.npmjs.org/habitat/-/habitat-3.1.2.tgz",
      "integrity": "sha1-5c/V1zTlEiB8Lbut2AYExx0THeA=",
      "requires": {
        "xtend": "~2.1.1"
      }
    },
    "mime": {
      "version": "1.6.0",
      "resolved": "https://registry.npmjs.org/mime/-/mime-1.6.0.tgz",
      "integrity": "sha512-x0Vn8spI+wuJ1O6S7gnbaQg8Pxh4NNHb7KSINmEWKiPE4RKOplvijn+NkmYmmRgP68mc70j2EbeTFRsrswaQeg=="
    },
    "mimeparse": {
      "version": "0.1.4",
      "resolved": "https://registry.npmjs.org/mimeparse/-/mimeparse-0.1.4.tgz",
      "integrity": "sha1-2vsCdSNw/SJgk64xUsJxrwGsJUo="
    },
    "minimist": {
      "version": "1.2.0",
      "resolved": "http://registry.npmjs.org/minimist/-/minimist-1.2.0.tgz",
      "integrity": "sha1-o1AIsg9BOD7sH7kU9M1d95omQoQ="
    },
    "next-tick": {
      "version": "1.0.0",
      "resolved": "http://registry.npmjs.org/next-tick/-/next-tick-1.0.0.tgz",
      "integrity": "sha1-yobR/ogoFpsBICCOPchCS524NCw="
    },
    "object-keys": {
      "version": "0.4.0",
      "resolved": "https://registry.npmjs.org/object-keys/-/object-keys-0.4.0.tgz",
      "integrity": "sha1-KKaq50KN0sOpLz2V8hM13SBOAzY="
    },
    "pontoon-to-webext": {
      "version": "1.0.2",
      "resolved": "https://registry.npmjs.org/pontoon-to-webext/-/pontoon-to-webext-1.0.2.tgz",
      "integrity": "sha1-1VdbyR38gScRJVH7wV0pKAADkhg=",
      "requires": {
        "habitat": "^3.1.2",
        "minimist": "^1.2.0",
        "properties-parser": "^0.3.1",
        "q-io": "^1.13.2"
      }
    },
    "properties-parser": {
      "version": "0.3.1",
      "resolved": "https://registry.npmjs.org/properties-parser/-/properties-parser-0.3.1.tgz",
      "integrity": "sha1-ExbpU5/7/ZOEXjabIRAiq9R4dxo=",
      "requires": {
        "string.prototype.codepointat": "^0.2.0"
      }
    },
    "q": {
      "version": "1.5.1",
      "resolved": "https://registry.npmjs.org/q/-/q-1.5.1.tgz",
      "integrity": "sha1-fjL3W0E4EpHQRhHxvxQQmsAGUdc="
    },
    "q-io": {
      "version": "1.13.6",
      "resolved": "https://registry.npmjs.org/q-io/-/q-io-1.13.6.tgz",
      "integrity": "sha1-BFC9s54IfLiaX9SkFjfqM0fJhTg=",
      "requires": {
        "es6-set": "^0.1.1",
        "mime": "^1.2.11",
        "mimeparse": "^0.1.4",
        "q": "^1.0.1",
        "qs": "^1.2.1",
        "url2": "^0.0.0"
      }
    },
    "qs": {
      "version": "1.2.2",
      "resolved": "http://registry.npmjs.org/qs/-/qs-1.2.2.tgz",
      "integrity": "sha1-GbV/8k3CqZzh+L32r82ln472H4g="
    },
    "string.prototype.codepointat": {
      "version": "0.2.1",
      "resolved": "https://registry.npmjs.org/string.prototype.codepointat/-/string.prototype.codepointat-0.2.1.tgz",
      "integrity": "sha512-2cBVCj6I4IOvEnjgO/hWqXjqBGsY+zwPmHl12Srk9IXSZ56Jwwmy+66XO5Iut/oQVR7t5ihYdLB0GMa4alEUcg=="
    },
    "url2": {
      "version": "0.0.0",
      "resolved": "https://registry.npmjs.org/url2/-/url2-0.0.0.tgz",
      "integrity": "sha1-Tqq9HVw6yQ1iq0SFyZhCKGWgSxo="
    },
    "xtend": {
      "version": "2.1.2",
      "resolved": "https://registry.npmjs.org/xtend/-/xtend-2.1.2.tgz",
      "integrity": "sha1-bv7MKk2tjmlixJAbM3znuoe10os=",
      "requires": {
        "object-keys": "~0.4.0"
      }
    }
  }
}
